Microsoft Visual Studio Solution File, Format Version 11.00
# Visual Studio 2008

Project("{14511F2F-5564-650D-129C-A7CABC333278}") = "block", "Assembly-CSharp.csproj", "{212E7E0B-8F2D-D953-3F9A-0E7E273B6BF8}"
EndProject
Global
	GlobalSection(SolutionConfigurationPlatforms) = preSolution
		Debug|Any CPU = Debug|Any CPU
		Release|Any CPU = Release|Any CPU
	EndGlobalSection
	GlobalSection(ProjectConfigurationPlatforms) = postSolution
		{212E7E0B-8F2D-D953-3F9A-0E7E273B6BF8}.Debug|Any CPU.ActiveCfg = Debug|Any CPU
		{212E7E0B-8F2D-D953-3F9A-0E7E273B6BF8}.Debug|Any CPU.Build.0 = Debug|Any CPU
		{212E7E0B-8F2D-D953-3F9A-0E7E273B6BF8}.Release|Any CPU.ActiveCfg = Release|Any CPU
		{212E7E0B-8F2D-D953-3F9A-0E7E273B6BF8}.Release|Any CPU.Build.0 = Release|Any CPU
	EndGlobalSection
	GlobalSection(SolutionProperties) = preSolution
		HideSolutionNode = FALSE
	EndGlobalSection
	GlobalSection(MonoDevelopProperties) = preSolution
		StartupItem = Assembly-CSharp.csproj
	EndGlobalSection
EndGlobal
